{
  "name": "code",
  "lockfileVersion": 2,
  "requires": true,
  "packages": {
    "": {
      "dependencies": {
        "@mui/x-date-pickers": "^5.0.5",
        "moment": "^2.29.4"
      }
    },
    "node_modules/@babel/runtime": {
      "version": "7.19.4",
      "resolved": "https://registry.npmjs.org/@babel/runtime/-/runtime-7.19.4.tgz",
      "integrity": "sha512-EXpLCrk55f+cYqmHsSR+yD/0gAIMxxA9QK9lnQWzhMCvt+YmoBN7Zx94s++Kv0+unHk39vxNO8t+CMA2WSS3wA==",
      "dependencies": {
        "regenerator-runtime": "^0.13.4"
      },
      "engines": {
        "node": ">=6.9.0"
      }
    },
    "node_modules/@date-io/core": {
      "version": "2.16.0",
      "resolved": "https://registry.npmjs.org/@date-io/core/-/core-2.16.0.tgz",
      "integrity": "sha512-DYmSzkr+jToahwWrsiRA2/pzMEtz9Bq1euJwoOuYwuwIYXnZFtHajY2E6a1VNVDc9jP8YUXK1BvnZH9mmT19Zg=="
    },
    "node_modules/@date-io/date-fns": {
      "version": "2.16.0",
      "resolved": "https://registry.npmjs.org/@date-io/date-fns/-/date-fns-2.16.0.tgz",
      "integrity": "sha512-bfm5FJjucqlrnQcXDVU5RD+nlGmL3iWgkHTq3uAZWVIuBu6dDmGa3m8a6zo2VQQpu8ambq9H22UyUpn7590joA==",
      "dependencies": {
        "@date-io/core": "^2.16.0"
      },
      "peerDependencies": {
        "date-fns": "^2.0.0"
      },
      "peerDependenciesMeta": {
        "date-fns": {
          "optional": true
        }
      }
    },
    "node_modules/@date-io/dayjs": {
      "version": "2.16.0",
      "resolved": "https://registry.npmjs.org/@date-io/dayjs/-/dayjs-2.16.0.tgz",
      "integrity": "sha512-y5qKyX2j/HG3zMvIxTobYZRGnd1FUW2olZLS0vTj7bEkBQkjd2RO7/FEwDY03Z1geVGlXKnzIATEVBVaGzV4Iw==",
      "dependencies": {
        "@date-io/core": "^2.16.0"
      },
      "peerDependencies": {
        "dayjs": "^1.8.17"
      },
      "peerDependenciesMeta": {
        "dayjs": {
          "optional": true
        }
      }
    },
    "node_modules/@date-io/luxon": {
      "version": "2.16.0",
      "resolved": "https://registry.npmjs.org/@date-io/luxon/-/luxon-2.16.0.tgz",
      "integrity": "sha512-L8UXHa/9VbfRqP4KB7JUZwFgOVxo22rONVod1o7GMN2Oku4PzJ0k1kXc+nLP9lRlF1UAA28oQsQqn85Y/PdBZw==",
      "dependencies": {
        "@date-io/core": "^2.16.0"
      },
      "peerDependencies": {
        "luxon": "^1.21.3 || ^2.x"
      },
      "peerDependenciesMeta": {
        "luxon": {
          "optional": true
        }
      }
    },
    "node_modules/@date-io/moment": {
      "version": "2.16.0",
      "resolved": "https://registry.npmjs.org/@date-io/moment/-/moment-2.16.0.tgz",
      "integrity": "sha512-wvu/40k128kF6P0jPbiyZcPR14VjJAgYEs+mYtsXz/AyWpC2DEJKly7ub+dpevUywbTzzpZysyCxCdzLzxD/uw==",
      "dependencies": {
        "@date-io/core": "^2.16.0"
      },
      "peerDependencies": {
        "moment": "^2.24.0"
      },
      "peerDependenciesMeta": {
        "moment": {
          "optional": true
        }
      }
    },
    "node_modules/@emotion/cache": {
      "version": "11.10.3",
      "resolved": "https://registry.npmjs.org/@emotion/cache/-/cache-11.10.3.tgz",
      "integrity": "sha512-Psmp/7ovAa8appWh3g51goxu/z3iVms7JXOreq136D8Bbn6dYraPnmL6mdM8GThEx9vwSn92Fz+mGSjBzN8UPQ==",
      "peer": true,
      "dependencies": {
        "@emotion/memoize": "^0.8.0",
        "@emotion/sheet": "^1.2.0",
        "@emotion/utils": "^1.2.0",
        "@emotion/weak-memoize": "^0.3.0",
        "stylis": "4.0.13"
      }
    },
    "node_modules/@emotion/is-prop-valid": {
      "version": "1.2.0",
      "resolved": "https://registry.npmjs.org/@emotion/is-prop-valid/-/is-prop-valid-1.2.0.tgz",
      "integrity": "sha512-3aDpDprjM0AwaxGE09bOPkNxHpBd+kA6jty3RnaEXdweX1DF1U3VQpPYb0g1IStAuK7SVQ1cy+bNBBKp4W3Fjg==",
      "peer": true,
      "dependencies": {
        "@emotion/memoize": "^0.8.0"
      }
    },
    "node_modules/@emotion/memoize": {
      "version": "0.8.0",
      "resolved": "https://registry.npmjs.org/@emotion/memoize/-/memoize-0.8.0.tgz",
      "integrity": "sha512-G/YwXTkv7Den9mXDO7AhLWkE3q+I92B+VqAE+dYG4NGPaHZGvt3G8Q0p9vmE+sq7rTGphUbAvmQ9YpbfMQGGlA==",
      "peer": true
    },
    "node_modules/@emotion/sheet": {
      "version": "1.2.0",
      "resolved": "https://registry.npmjs.org/@emotion/sheet/-/sheet-1.2.0.tgz",
      "integrity": "sha512-OiTkRgpxescko+M51tZsMq7Puu/KP55wMT8BgpcXVG2hqXc0Vo0mfymJ/Uj24Hp0i083ji/o0aLddh08UEjq8w==",
      "peer": true
    },
    "node_modules/@emotion/utils": {
      "version": "1.2.0",
      "resolved": "https://registry.npmjs.org/@emotion/utils/-/utils-1.2.0.tgz",
      "integrity": "sha512-sn3WH53Kzpw8oQ5mgMmIzzyAaH2ZqFEbozVVBSYp538E06OSE6ytOp7pRAjNQR+Q/orwqdQYJSe2m3hCOeznkw==",
      "peer": true
    },
    "node_modules/@emotion/weak-memoize": {
      "version": "0.3.0",
      "resolved": "https://registry.npmjs.org/@emotion/weak-memoize/-/weak-memoize-0.3.0.tgz",
      "integrity": "sha512-AHPmaAx+RYfZz0eYu6Gviiagpmiyw98ySSlQvCUhVGDRtDFe4DBS0x1bSjdF3gqUDYOczB+yYvBTtEylYSdRhg==",
      "peer": true
    },
    "node_modules/@mui/base": {
      "version": "5.0.0-alpha.103",
      "resolved": "https://registry.npmjs.org/@mui/base/-/base-5.0.0-alpha.103.tgz",
      "integrity": "sha512-fJIyB2df3CHn7D26WHnutnY7vew6aytTlhmRJz6GX7ag19zU2GcOUhJAzY5qwWcrXKnlYgzimhEjaEnuiUWU4g==",
      "peer": true,
      "dependencies": {
        "@babel/runtime": "^7.19.0",
        "@emotion/is-prop-valid": "^1.2.0",
        "@mui/types": "^7.2.0",
        "@mui/utils": "^5.10.9",
        "@popperjs/core": "^2.11.6",
        "clsx": "^1.2.1",
        "prop-types": "^15.8.1",
        "react-is": "^18.2.0"
      },
      "engines": {
        "node": ">=12.0.0"
      },
      "funding": {
        "type": "opencollective",
        "url": "https://opencollective.com/mui"
      },
      "peerDependencies": {
        "@types/react": "^17.0.0 || ^18.0.0",
        "react": "^17.0.0 || ^18.0.0",
        "react-dom": "^17.0.0 || ^18.0.0"
      },
      "peerDependenciesMeta": {
        "@types/react": {
          "optional": true
        }
      }
    },
    "node_modules/@mui/core-downloads-tracker": {
      "version": "5.10.11",
      "resolved": "https://registry.npmjs.org/@mui/core-downloads-tracker/-/core-downloads-tracker-5.10.11.tgz",
      "integrity": "sha512-u5ff+UCFDHcR8MoQ8tuJR4c35vt7T/ki3aMEE2O3XQoGs8KJSrBiisFpFKyldg9/W2NSyoZxN+kxEGIfRxh+9Q==",
      "peer": true,
      "funding": {
        "type": "opencollective",
        "url": "https://opencollective.com/mui"
      }
    },
    "node_modules/@mui/material": {
      "version": "5.10.11",
      "resolved": "https://registry.npmjs.org/@mui/material/-/material-5.10.11.tgz",
      "integrity": "sha512-KJ0wPCTbv6sFzwA3dgg0gowdfF+SRl7D510J9l6Nl/KFX0EawcewQudqKY4slYGFXniKa5PykqokpaWXsCCPqg==",
      "peer": true,
      "dependencies": {
        "@babel/runtime": "^7.19.0",
        "@mui/base": "5.0.0-alpha.103",
        "@mui/core-downloads-tracker": "^5.10.11",
        "@mui/system": "^5.10.10",
        "@mui/types": "^7.2.0",
        "@mui/utils": "^5.10.9",
        "@types/react-transition-group": "^4.4.5",
        "clsx": "^1.2.1",
        "csstype": "^3.1.1",
        "prop-types": "^15.8.1",
        "react-is": "^18.2.0",
        "react-transition-group": "^4.4.5"
      },
      "engines": {
        "node": ">=12.0.0"
      },
      "funding": {
        "type": "opencollective",
        "url": "https://opencollective.com/mui"
      },
      "peerDependencies": {
        "@emotion/react": "^11.5.0",
        "@emotion/styled": "^11.3.0",
        "@types/react": "^17.0.0 || ^18.0.0",
        "react": "^17.0.0 || ^18.0.0",
        "react-dom": "^17.0.0 || ^18.0.0"
      },
      "peerDependenciesMeta": {
        "@emotion/react": {
          "optional": true
        },
        "@emotion/styled": {
          "optional": true
        },
        "@types/react": {
          "optional": true
        }
      }
    },
    "node_modules/@mui/private-theming": {
      "version": "5.10.9",
      "resolved": "https://registry.npmjs.org/@mui/private-theming/-/private-theming-5.10.9.tgz",
      "integrity": "sha512-BN7/CnsVPVyBaQpDTij4uV2xGYHHHhOgpdxeYLlIu+TqnsVM7wUeF+37kXvHovxM6xmL5qoaVUD98gDC0IZnHg==",
      "peer": true,
      "dependencies": {
        "@babel/runtime": "^7.19.0",
        "@mui/utils": "^5.10.9",
        "prop-types": "^15.8.1"
      },
      "engines": {
        "node": ">=12.0.0"
      },
      "funding": {
        "type": "opencollective",
        "url": "https://opencollective.com/mui"
      },
      "peerDependencies": {
        "@types/react": "^17.0.0 || ^18.0.0",
        "react": "^17.0.0 || ^18.0.0"
      },
      "peerDependenciesMeta": {
        "@types/react": {
          "optional": true
        }
      }
    },
    "node_modules/@mui/styled-engine": {
      "version": "5.10.8",
      "resolved": "https://registry.npmjs.org/@mui/styled-engine/-/styled-engine-5.10.8.tgz",
      "integrity": "sha512-w+y8WI18EJV6zM/q41ug19cE70JTeO6sWFsQ7tgePQFpy6ToCVPh0YLrtqxUZXSoMStW5FMw0t9fHTFAqPbngw==",
      "peer": true,
      "dependencies": {
        "@babel/runtime": "^7.19.0",
        "@emotion/cache": "^11.10.3",
        "csstype": "^3.1.1",
        "prop-types": "^15.8.1"
      },
      "engines": {
        "node": ">=12.0.0"
      },
      "funding": {
        "type": "opencollective",
        "url": "https://opencollective.com/mui"
      },
      "peerDependencies": {
        "@emotion/react": "^11.4.1",
        "@emotion/styled": "^11.3.0",
        "react": "^17.0.0 || ^18.0.0"
      },
      "peerDependenciesMeta": {
        "@emotion/react": {
          "optional": true
        },
        "@emotion/styled": {
          "optional": true
        }
      }
    },
    "node_modules/@mui/system": {
      "version": "5.10.10",
      "resolved": "https://registry.npmjs.org/@mui/system/-/system-5.10.10.tgz",
      "integrity": "sha512-TXwtKN0adKpBrZmO+eilQWoPf2veh050HLYrN78Kps9OhlvO70v/2Kya0+mORFhu9yhpAwjHXO8JII/R4a5ZLA==",
      "peer": true,
      "dependencies": {
        "@babel/runtime": "^7.19.0",
        "@mui/private-theming": "^5.10.9",
        "@mui/styled-engine": "^5.10.8",
        "@mui/types": "^7.2.0",
        "@mui/utils": "^5.10.9",
        "clsx": "^1.2.1",
        "csstype": "^3.1.1",
        "prop-types": "^15.8.1"
      },
      "engines": {
        "node": ">=12.0.0"
      },
      "funding": {
        "type": "opencollective",
        "url": "https://opencollective.com/mui"
      },
      "peerDependencies": {
        "@emotion/react": "^11.5.0",
        "@emotion/styled": "^11.3.0",
        "@types/react": "^17.0.0 || ^18.0.0",
        "react": "^17.0.0 || ^18.0.0"
      },
      "peerDependenciesMeta": {
        "@emotion/react": {
          "optional": true
        },
        "@emotion/styled": {
          "optional": true
        },
        "@types/react": {
          "optional": true
        }
      }
    },
    "node_modules/@mui/types": {
      "version": "7.2.0",
      "resolved": "https://registry.npmjs.org/@mui/types/-/types-7.2.0.tgz",
      "integrity": "sha512-lGXtFKe5lp3UxTBGqKI1l7G8sE2xBik8qCfrLHD5olwP/YU0/ReWoWT7Lp1//ri32dK39oPMrJN8TgbkCSbsNA==",
      "peer": true,
      "peerDependencies": {
        "@types/react": "*"
      },
      "peerDependenciesMeta": {
        "@types/react": {
          "optional": true
        }
      }
    },
    "node_modules/@mui/utils": {
      "version": "5.10.9",
      "resolved": "https://registry.npmjs.org/@mui/utils/-/utils-5.10.9.tgz",
      "integrity": "sha512-2tdHWrq3+WCy+G6TIIaFx3cg7PorXZ71P375ExuX61od1NOAJP1mK90VxQ8N4aqnj2vmO3AQDkV4oV2Ktvt4bA==",
      "dependencies": {
        "@babel/runtime": "^7.19.0",
        "@types/prop-types": "^15.7.5",
        "@types/react-is": "^16.7.1 || ^17.0.0",
        "prop-types": "^15.8.1",
        "react-is": "^18.2.0"
      },
      "engines": {
        "node": ">=12.0.0"
      },
      "funding": {
        "type": "opencollective",
        "url": "https://opencollective.com/mui"
      },
      "peerDependencies": {
        "react": "^17.0.0 || ^18.0.0"
      }
    },
    "node_modules/@mui/x-date-pickers": {
      "version": "5.0.5",
      "resolved": "https://registry.npmjs.org/@mui/x-date-pickers/-/x-date-pickers-5.0.5.tgz",
      "integrity": "sha512-VHnRTbJlG3yiczwmHOLUKuInKUaDBFsimaIm2ek3lBBWXXvHEo+sIHjG5fgQhj7TragHFh/jPbXqSR87VBkLjA==",
      "dependencies": {
        "@babel/runtime": "^7.18.9",
        "@date-io/core": "^2.15.0",
        "@date-io/date-fns": "^2.15.0",
        "@date-io/dayjs": "^2.15.0",
        "@date-io/luxon": "^2.15.0",
        "@date-io/moment": "^2.15.0",
        "@mui/utils": "^5.10.3",
        "@types/react-transition-group": "^4.4.5",
        "clsx": "^1.2.1",
        "prop-types": "^15.7.2",
        "react-transition-group": "^4.4.5",
        "rifm": "^0.12.1"
      },
      "engines": {
        "node": ">=12.0.0"
      },
      "funding": {
        "type": "opencollective",
        "url": "https://opencollective.com/mui"
      },
      "peerDependencies": {
        "@emotion/react": "^11.9.0",
        "@emotion/styled": "^11.8.1",
        "@mui/material": "^5.4.1",
        "@mui/system": "^5.4.1",
        "date-fns": "^2.25.0",
        "dayjs": "^1.10.7",
        "luxon": "^1.28.0 || ^2.0.0 || ^3.0.0",
        "moment": "^2.29.1",
        "react": "^17.0.2 || ^18.0.0",
        "react-dom": "^17.0.2 || ^18.0.0"
      },
      "peerDependenciesMeta": {
        "@emotion/react": {
          "optional": true
        },
        "@emotion/styled": {
          "optional": true
        },
        "date-fns": {
          "optional": true
        },
        "dayjs": {
          "optional": true
        },
        "luxon": {
          "optional": true
        },
        "moment": {
          "optional": true
        }
      }
    },
    "node_modules/@popperjs/core": {
      "version": "2.11.6",
      "resolved": "https://registry.npmjs.org/@popperjs/core/-/core-2.11.6.tgz",
      "integrity": "sha512-50/17A98tWUfQ176raKiOGXuYpLyyVMkxxG6oylzL3BPOlA6ADGdK7EYunSa4I064xerltq9TGXs8HmOk5E+vw==",
      "peer": true,
      "funding": {
        "type": "opencollective",
        "url": "https://opencollective.com/popperjs"
      }
    },
    "node_modules/@types/prop-types": {
      "version": "15.7.5",
      "resolved": "https://registry.npmjs.org/@types/prop-types/-/prop-types-15.7.5.tgz",
      "integrity": "sha512-JCB8C6SnDoQf0cNycqd/35A7MjcnK+ZTqE7judS6o7utxUCg6imJg3QK2qzHKszlTjcj2cn+NwMB2i96ubpj7w=="
    },
    "node_modules/@types/react": {
      "version": "18.0.22",
      "resolved": "https://registry.npmjs.org/@types/react/-/react-18.0.22.tgz",
      "integrity": "sha512-4yWc5PyCkZN8ke8K9rQHkTXxHIWHxLzzW6RI1kXVoepkD3vULpKzC2sDtAMKn78h92BRYuzf+7b/ms7ajE6hFw==",
      "dependencies": {
        "@types/prop-types": "*",
        "@types/scheduler": "*",
        "csstype": "^3.0.2"
      }
    },
    "node_modules/@types/react-is": {
      "version": "17.0.3",
      "resolved": "https://registry.npmjs.org/@types/react-is/-/react-is-17.0.3.tgz",
      "integrity": "sha512-aBTIWg1emtu95bLTLx0cpkxwGW3ueZv71nE2YFBpL8k/z5czEW8yYpOo8Dp+UUAFAtKwNaOsh/ioSeQnWlZcfw==",
      "dependencies": {
        "@types/react": "*"
      }
    },
    "node_modules/@types/react-transition-group": {
      "version": "4.4.5",
      "resolved": "https://registry.npmjs.org/@types/react-transition-group/-/react-transition-group-4.4.5.tgz",
      "integrity": "sha512-juKD/eiSM3/xZYzjuzH6ZwpP+/lejltmiS3QEzV/vmb/Q8+HfDmxu+Baga8UEMGBqV88Nbg4l2hY/K2DkyaLLA==",
      "dependencies": {
        "@types/react": "*"
      }
    },
    "node_modules/@types/scheduler": {
      "version": "0.16.2",
      "resolved": "https://registry.npmjs.org/@types/scheduler/-/scheduler-0.16.2.tgz",
      "integrity": "sha512-hppQEBDmlwhFAXKJX2KnWLYu5yMfi91yazPb2l+lbJiwW+wdo1gNeRA+3RgNSO39WYX2euey41KEwnqesU2Jew=="
    },
    "node_modules/clsx": {
      "version": "1.2.1",
      "resolved": "https://registry.npmjs.org/clsx/-/clsx-1.2.1.tgz",
      "integrity": "sha512-EcR6r5a8bj6pu3ycsa/E/cKVGuTgZJZdsyUYHOksG/UHIiKfjxzRxYJpyVBwYaQeOvghal9fcc4PidlgzugAQg==",
      "engines": {
        "node": ">=6"
      }
    },
    "node_modules/csstype": {
      "version": "3.1.1",
      "resolved": "https://registry.npmjs.org/csstype/-/csstype-3.1.1.tgz",
      "integrity": "sha512-DJR/VvkAvSZW9bTouZue2sSxDwdTN92uHjqeKVm+0dAqdfNykRzQ95tay8aXMBAAPpUiq4Qcug2L7neoRh2Egw=="
    },
    "node_modules/dom-helpers": {
      "version": "5.2.1",
      "resolved": "https://registry.npmjs.org/dom-helpers/-/dom-helpers-5.2.1.tgz",
      "integrity": "sha512-nRCa7CK3VTrM2NmGkIy4cbK7IZlgBE/PYMn55rrXefr5xXDP0LdtfPnblFDoVdcAfslJ7or6iqAUnx0CCGIWQA==",
      "dependencies": {
        "@babel/runtime": "^7.8.7",
        "csstype": "^3.0.2"
      }
    },
    "node_modules/js-tokens": {
      "version": "4.0.0",
      "resolved": "https://registry.npmjs.org/js-tokens/-/js-tokens-4.0.0.tgz",
      "integrity": "sha512-RdJUflcE3cUzKiMqQgsCu06FPu9UdIJO0beYbPhHN4k6apgJtifcoCtT9bcxOpYBtpD2kCM6Sbzg4CausW/PKQ=="
    },
    "node_modules/loose-envify": {
      "version": "1.4.0",
      "resolved": "https://registry.npmjs.org/loose-envify/-/loose-envify-1.4.0.tgz",
      "integrity": "sha512-lyuxPGr/Wfhrlem2CL/UcnUc1zcqKAImBDzukY7Y5F/yQiNdko6+fRLevlw1HgMySw7f611UIY408EtxRSoK3Q==",
      "dependencies": {
        "js-tokens": "^3.0.0 || ^4.0.0"
      },
      "bin": {
        "loose-envify": "cli.js"
      }
    },
    "node_modules/moment": {
      "version": "2.29.4",
      "resolved": "https://registry.npmjs.org/moment/-/moment-2.29.4.tgz",
      "integrity": "sha512-5LC9SOxjSc2HF6vO2CyuTDNivEdoz2IvyJJGj6X8DJ0eFyfszE0QiEd+iXmBvUP3WHxSjFH/vIsA0EN00cgr8w==",
      "engines": {
        "node": "*"
      }
    },
    "node_modules/object-assign": {
      "version": "4.1.1",
      "resolved": "https://registry.npmjs.org/object-assign/-/object-assign-4.1.1.tgz",
      "integrity": "sha512-rJgTQnkUnH1sFw8yT6VSU3zD3sWmu6sZhIseY8VX+GRu3P6F7Fu+JNDoXfklElbLJSnc3FUQHVe4cU5hj+BcUg==",
      "engines": {
        "node": ">=0.10.0"
      }
    },
    "node_modules/prop-types": {
      "version": "15.8.1",
      "resolved": "https://registry.npmjs.org/prop-types/-/prop-types-15.8.1.tgz",
      "integrity": "sha512-oj87CgZICdulUohogVAR7AjlC0327U4el4L6eAvOqCeudMDVU0NThNaV+b9Df4dXgSP1gXMTnPdhfe/2qDH5cg==",
      "dependencies": {
        "loose-envify": "^1.4.0",
        "object-assign": "^4.1.1",
        "react-is": "^16.13.1"
      }
    },
    "node_modules/prop-types/node_modules/react-is": {
      "version": "16.13.1",
      "resolved": "https://registry.npmjs.org/react-is/-/react-is-16.13.1.tgz",
      "integrity": "sha512-24e6ynE2H+OKt4kqsOvNd8kBpV65zoxbA4BVsEOB3ARVWQki/DHzaUoC5KuON/BiccDaCCTZBuOcfZs70kR8bQ=="
    },
    "node_modules/react": {
      "version": "18.2.0",
      "resolved": "https://registry.npmjs.org/react/-/react-18.2.0.tgz",
      "integrity": "sha512-/3IjMdb2L9QbBdWiW5e3P2/npwMBaU9mHCSCUzNln0ZCYbcfTsGbTJrU/kGemdH2IWmB2ioZ+zkxtmq6g09fGQ==",
      "peer": true,
      "dependencies": {
        "loose-envify": "^1.1.0"
      },
      "engines": {
        "node": ">=0.10.0"
      }
    },
    "node_modules/react-dom": {
      "version": "18.2.0",
      "resolved": "https://registry.npmjs.org/react-dom/-/react-dom-18.2.0.tgz",
      "integrity": "sha512-6IMTriUmvsjHUjNtEDudZfuDQUoWXVxKHhlEGSk81n4YFS+r/Kl99wXiwlVXtPBtJenozv2P+hxDsw9eA7Xo6g==",
      "peer": true,
      "dependencies": {
        "loose-envify": "^1.1.0",
        "scheduler": "^0.23.0"
      },
      "peerDependencies": {
        "react": "^18.2.0"
      }
    },
    "node_modules/react-is": {
      "version": "18.2.0",
      "resolved": "https://registry.npmjs.org/react-is/-/react-is-18.2.0.tgz",
      "integrity": "sha512-xWGDIW6x921xtzPkhiULtthJHoJvBbF3q26fzloPCK0hsvxtPVelvftw3zjbHWSkR2km9Z+4uxbDDK/6Zw9B8w=="
    },
    "node_modules/react-transition-group": {
      "version": "4.4.5",
      "resolved": "https://registry.npmjs.org/react-transition-group/-/react-transition-group-4.4.5.tgz",
      "integrity": "sha512-pZcd1MCJoiKiBR2NRxeCRg13uCXbydPnmB4EOeRrY7480qNWO8IIgQG6zlDkm6uRMsURXPuKq0GWtiM59a5Q6g==",
      "dependencies": {
        "@babel/runtime": "^7.5.5",
        "dom-helpers": "^5.0.1",
        "loose-envify": "^1.4.0",
        "prop-types": "^15.6.2"
      },
      "peerDependencies": {
        "react": ">=16.6.0",
        "react-dom": ">=16.6.0"
      }
    },
    "node_modules/regenerator-runtime": {
      "version": "0.13.10",
      "resolved": "https://registry.npmjs.org/regenerator-runtime/-/regenerator-runtime-0.13.10.tgz",
      "integrity": "sha512-KepLsg4dU12hryUO7bp/axHAKvwGOCV0sGloQtpagJ12ai+ojVDqkeGSiRX1zlq+kjIMZ1t7gpze+26QqtdGqw=="
    },
    "node_modules/rifm": {
      "version": "0.12.1",
      "resolved": "https://registry.npmjs.org/rifm/-/rifm-0.12.1.tgz",
      "integrity": "sha512-OGA1Bitg/dSJtI/c4dh90svzaUPt228kzFsUkJbtA2c964IqEAwWXeL9ZJi86xWv3j5SMqRvGULl7bA6cK0Bvg==",
      "peerDependencies": {
        "react": ">=16.8"
      }
    },
    "node_modules/scheduler": {
      "version": "0.23.0",
      "resolved": "https://registry.npmjs.org/scheduler/-/scheduler-0.23.0.tgz",
      "integrity": "sha512-CtuThmgHNg7zIZWAXi3AsyIzA3n4xx7aNyjwC2VJldO2LMVDhFK+63xGqq6CsJH4rTAt6/M+N4GhZiDYPx9eUw==",
      "peer": true,
      "dependencies": {
        "loose-envify": "^1.1.0"
      }
    },
    "node_modules/stylis": {
      "version": "4.0.13",
      "resolved": "https://registry.npmjs.org/stylis/-/stylis-4.0.13.tgz",
      "integrity": "sha512-xGPXiFVl4YED9Jh7Euv2V220mriG9u4B2TA6Ybjc1catrstKD2PpIdU3U0RKpkVBC2EhmL/F0sPCr9vrFTNRag==",
      "peer": true
    }
  },
  "dependencies": {
    "@babel/runtime": {
      "version": "7.19.4",
      "resolved": "https://registry.npmjs.org/@babel/runtime/-/runtime-7.19.4.tgz",
      "integrity": "sha512-EXpLCrk55f+cYqmHsSR+yD/0gAIMxxA9QK9lnQWzhMCvt+YmoBN7Zx94s++Kv0+unHk39vxNO8t+CMA2WSS3wA==",
      "requires": {
        "regenerator-runtime": "^0.13.4"
      }
    },
    "@date-io/core": {
      "version": "2.16.0",
      "resolved": "https://registry.npmjs.org/@date-io/core/-/core-2.16.0.tgz",
      "integrity": "sha512-DYmSzkr+jToahwWrsiRA2/pzMEtz9Bq1euJwoOuYwuwIYXnZFtHajY2E6a1VNVDc9jP8YUXK1BvnZH9mmT19Zg=="
    },
    "@date-io/date-fns": {
      "version": "2.16.0",
      "resolved": "https://registry.npmjs.org/@date-io/date-fns/-/date-fns-2.16.0.tgz",
      "integrity": "sha512-bfm5FJjucqlrnQcXDVU5RD+nlGmL3iWgkHTq3uAZWVIuBu6dDmGa3m8a6zo2VQQpu8ambq9H22UyUpn7590joA==",
      "requires": {
        "@date-io/core": "^2.16.0"
      }
    },
    "@date-io/dayjs": {
      "version": "2.16.0",
      "resolved": "https://registry.npmjs.org/@date-io/dayjs/-/dayjs-2.16.0.tgz",
      "integrity": "sha512-y5qKyX2j/HG3zMvIxTobYZRGnd1FUW2olZLS0vTj7bEkBQkjd2RO7/FEwDY03Z1geVGlXKnzIATEVBVaGzV4Iw==",
      "requires": {
        "@date-io/core": "^2.16.0"
      }
    },
    "@date-io/luxon": {
      "version": "2.16.0",
      "resolved": "https://registry.npmjs.org/@date-io/luxon/-/luxon-2.16.0.tgz",
      "integrity": "sha512-L8UXHa/9VbfRqP4KB7JUZwFgOVxo22rONVod1o7GMN2Oku4PzJ0k1kXc+nLP9lRlF1UAA28oQsQqn85Y/PdBZw==",
      "requires": {
        "@date-io/core": "^2.16.0"
      }
    },
    "@date-io/moment": {
      "version": "2.16.0",
      "resolved": "https://registry.npmjs.org/@date-io/moment/-/moment-2.16.0.tgz",
      "integrity": "sha512-wvu/40k128kF6P0jPbiyZcPR14VjJAgYEs+mYtsXz/AyWpC2DEJKly7ub+dpevUywbTzzpZysyCxCdzLzxD/uw==",
      "requires": {
        "@date-io/core": "^2.16.0"
      }
    },
    "@emotion/cache": {
      "version": "11.10.3",
      "resolved": "https://registry.npmjs.org/@emotion/cache/-/cache-11.10.3.tgz",
      "integrity": "sha512-Psmp/7ovAa8appWh3g51goxu/z3iVms7JXOreq136D8Bbn6dYraPnmL6mdM8GThEx9vwSn92Fz+mGSjBzN8UPQ==",
      "peer": true,
      "requires": {
        "@emotion/memoize": "^0.8.0",
        "@emotion/sheet": "^1.2.0",
        "@emotion/utils": "^1.2.0",
        "@emotion/weak-memoize": "^0.3.0",
        "stylis": "4.0.13"
      }
    },
    "@emotion/is-prop-valid": {
      "version": "1.2.0",
      "resolved": "https://registry.npmjs.org/@emotion/is-prop-valid/-/is-prop-valid-1.2.0.tgz",
      "integrity": "sha512-3aDpDprjM0AwaxGE09bOPkNxHpBd+kA6jty3RnaEXdweX1DF1U3VQpPYb0g1IStAuK7SVQ1cy+bNBBKp4W3Fjg==",
      "peer": true,
      "requires": {
        "@emotion/memoize": "^0.8.0"
      }
    },
    "@emotion/memoize": {
      "version": "0.8.0",
      "resolved": "https://registry.npmjs.org/@emotion/memoize/-/memoize-0.8.0.tgz",
      "integrity": "sha512-G/YwXTkv7Den9mXDO7AhLWkE3q+I92B+VqAE+dYG4NGPaHZGvt3G8Q0p9vmE+sq7rTGphUbAvmQ9YpbfMQGGlA==",
      "peer": true
    },
    "@emotion/sheet": {
      "version": "1.2.0",
      "resolved": "https://registry.npmjs.org/@emotion/sheet/-/sheet-1.2.0.tgz",
      "integrity": "sha512-OiTkRgpxescko+M51tZsMq7Puu/KP55wMT8BgpcXVG2hqXc0Vo0mfymJ/Uj24Hp0i083ji/o0aLddh08UEjq8w==",
      "peer": true
    },
    "@emotion/utils": {
      "version": "1.2.0",
      "resolved": "https://registry.npmjs.org/@emotion/utils/-/utils-1.2.0.tgz",
      "integrity": "sha512-sn3WH53Kzpw8oQ5mgMmIzzyAaH2ZqFEbozVVBSYp538E06OSE6ytOp7pRAjNQR+Q/orwqdQYJSe2m3hCOeznkw==",
      "peer": true
    },
    "@emotion/weak-memoize": {
      "version": "0.3.0",
      "resolved": "https://registry.npmjs.org/@emotion/weak-memoize/-/weak-memoize-0.3.0.tgz",
      "integrity": "sha512-AHPmaAx+RYfZz0eYu6Gviiagpmiyw98ySSlQvCUhVGDRtDFe4DBS0x1bSjdF3gqUDYOczB+yYvBTtEylYSdRhg==",
      "peer": true
    },
    "@mui/base": {
      "version": "5.0.0-alpha.103",
      "resolved": "https://registry.npmjs.org/@mui/base/-/base-5.0.0-alpha.103.tgz",
      "integrity": "sha512-fJIyB2df3CHn7D26WHnutnY7vew6aytTlhmRJz6GX7ag19zU2GcOUhJAzY5qwWcrXKnlYgzimhEjaEnuiUWU4g==",
      "peer": true,
      "requires": {
        "@babel/runtime": "^7.19.0",
        "@emotion/is-prop-valid": "^1.2.0",
        "@mui/types": "^7.2.0",
        "@mui/utils": "^5.10.9",
        "@popperjs/core": "^2.11.6",
        "clsx": "^1.2.1",
        "prop-types": "^15.8.1",
        "react-is": "^18.2.0"
      }
    },
    "@mui/core-downloads-tracker": {
      "version": "5.10.11",
      "resolved": "https://registry.npmjs.org/@mui/core-downloads-tracker/-/core-downloads-tracker-5.10.11.tgz",
      "integrity": "sha512-u5ff+UCFDHcR8MoQ8tuJR4c35vt7T/ki3aMEE2O3XQoGs8KJSrBiisFpFKyldg9/W2NSyoZxN+kxEGIfRxh+9Q==",
      "peer": true
    },
    "@mui/material": {
      "version": "5.10.11",
      "resolved": "https://registry.npmjs.org/@mui/material/-/material-5.10.11.tgz",
      "integrity": "sha512-KJ0wPCTbv6sFzwA3dgg0gowdfF+SRl7D510J9l6Nl/KFX0EawcewQudqKY4slYGFXniKa5PykqokpaWXsCCPqg==",
      "peer": true,
      "requires": {
        "@babel/runtime": "^7.19.0",
        "@mui/base": "5.0.0-alpha.103",
        "@mui/core-downloads-tracker": "^5.10.11",
        "@mui/system": "^5.10.10",
        "@mui/types": "^7.2.0",
        "@mui/utils": "^5.10.9",
        "@types/react-transition-group": "^4.4.5",
        "clsx": "^1.2.1",
        "csstype": "^3.1.1",
        "prop-types": "^15.8.1",
        "react-is": "^18.2.0",
        "react-transition-group": "^4.4.5"
      }
    },
    "@mui/private-theming": {
      "version": "5.10.9",
      "resolved": "https://registry.npmjs.org/@mui/private-theming/-/private-theming-5.10.9.tgz",
      "integrity": "sha512-BN7/CnsVPVyBaQpDTij4uV2xGYHHHhOgpdxeYLlIu+TqnsVM7wUeF+37kXvHovxM6xmL5qoaVUD98gDC0IZnHg==",
      "peer": true,
      "requires": {
        "@babel/runtime": "^7.19.0",
        "@mui/utils": "^5.10.9",
        "prop-types": "^15.8.1"
      }
    },
    "@mui/styled-engine": {
      "version": "5.10.8",
      "resolved": "https://registry.npmjs.org/@mui/styled-engine/-/styled-engine-5.10.8.tgz",
      "integrity": "sha512-w+y8WI18EJV6zM/q41ug19cE70JTeO6sWFsQ7tgePQFpy6ToCVPh0YLrtqxUZXSoMStW5FMw0t9fHTFAqPbngw==",
      "peer": true,
      "requires": {
        "@babel/runtime": "^7.19.0",
        "@emotion/cache": "^11.10.3",
        "csstype": "^3.1.1",
        "prop-types": "^15.8.1"
      }
    },
    "@mui/system": {
      "version": "5.10.10",
      "resolved": "https://registry.npmjs.org/@mui/system/-/system-5.10.10.tgz",
      "integrity": "sha512-TXwtKN0adKpBrZmO+eilQWoPf2veh050HLYrN78Kps9OhlvO70v/2Kya0+mORFhu9yhpAwjHXO8JII/R4a5ZLA==",
      "peer": true,
      "requires": {
        "@babel/runtime": "^7.19.0",
        "@mui/private-theming": "^5.10.9",
        "@mui/styled-engine": "^5.10.8",
        "@mui/types": "^7.2.0",
        "@mui/utils": "^5.10.9",
        "clsx": "^1.2.1",
        "csstype": "^3.1.1",
        "prop-types": "^15.8.1"
      }
    },
    "@mui/types": {
      "version": "7.2.0",
      "resolved": "https://registry.npmjs.org/@mui/types/-/types-7.2.0.tgz",
      "integrity": "sha512-lGXtFKe5lp3UxTBGqKI1l7G8sE2xBik8qCfrLHD5olwP/YU0/ReWoWT7Lp1//ri32dK39oPMrJN8TgbkCSbsNA==",
      "peer": true,
      "requires": {}
    },
    "@mui/utils": {
      "version": "5.10.9",
      "resolved": "https://registry.npmjs.org/@mui/utils/-/utils-5.10.9.tgz",
      "integrity": "sha512-2tdHWrq3+WCy+G6TIIaFx3cg7PorXZ71P375ExuX61od1NOAJP1mK90VxQ8N4aqnj2vmO3AQDkV4oV2Ktvt4bA==",
      "requires": {
        "@babel/runtime": "^7.19.0",
        "@types/prop-types": "^15.7.5",
        "@types/react-is": "^16.7.1 || ^17.0.0",
        "prop-types": "^15.8.1",
        "react-is": "^18.2.0"
      }
    },
    "@mui/x-date-pickers": {
      "version": "5.0.5",
      "resolved": "https://registry.npmjs.org/@mui/x-date-pickers/-/x-date-pickers-5.0.5.tgz",
      "integrity": "sha512-VHnRTbJlG3yiczwmHOLUKuInKUaDBFsimaIm2ek3lBBWXXvHEo+sIHjG5fgQhj7TragHFh/jPbXqSR87VBkLjA==",
      "requires": {
        "@babel/runtime": "^7.18.9",
        "@date-io/core": "^2.15.0",
        "@date-io/date-fns": "^2.15.0",
        "@date-io/dayjs": "^2.15.0",
        "@date-io/luxon": "^2.15.0",
        "@date-io/moment": "^2.15.0",
        "@mui/utils": "^5.10.3",
        "@types/react-transition-group": "^4.4.5",
        "clsx": "^1.2.1",
        "prop-types": "^15.7.2",
        "react-transition-group": "^4.4.5",
        "rifm": "^0.12.1"
      }
    },
    "@popperjs/core": {
      "version": "2.11.6",
      "resolved": "https://registry.npmjs.org/@popperjs/core/-/core-2.11.6.tgz",
      "integrity": "sha512-50/17A98tWUfQ176raKiOGXuYpLyyVMkxxG6oylzL3BPOlA6ADGdK7EYunSa4I064xerltq9TGXs8HmOk5E+vw==",
      "peer": true
    },
    "@types/prop-types": {
      "version": "15.7.5",
      "resolved": "https://registry.npmjs.org/@types/prop-types/-/prop-types-15.7.5.tgz",
      "integrity": "sha512-JCB8C6SnDoQf0cNycqd/35A7MjcnK+ZTqE7judS6o7utxUCg6imJg3QK2qzHKszlTjcj2cn+NwMB2i96ubpj7w=="
    },
    "@types/react": {
      "version": "18.0.22",
      "resolved": "https://registry.npmjs.org/@types/react/-/react-18.0.22.tgz",
      "integrity": "sha512-4yWc5PyCkZN8ke8K9rQHkTXxHIWHxLzzW6RI1kXVoepkD3vULpKzC2sDtAMKn78h92BRYuzf+7b/ms7ajE6hFw==",
      "requires": {
        "@types/prop-types": "*",
        "@types/scheduler": "*",
        "csstype": "^3.0.2"
      }
    },
    "@types/react-is": {
      "version": "17.0.3",
      "resolved": "https://registry.npmjs.org/@types/react-is/-/react-is-17.0.3.tgz",
      "integrity": "sha512-aBTIWg1emtu95bLTLx0cpkxwGW3ueZv71nE2YFBpL8k/z5czEW8yYpOo8Dp+UUAFAtKwNaOsh/ioSeQnWlZcfw==",
      "requires": {
        "@types/react": "*"
      }
    },
    "@types/react-transition-group": {
      "version": "4.4.5",
      "resolved": "https://registry.npmjs.org/@types/react-transition-group/-/react-transition-group-4.4.5.tgz",
      "integrity": "sha512-juKD/eiSM3/xZYzjuzH6ZwpP+/lejltmiS3QEzV/vmb/Q8+HfDmxu+Baga8UEMGBqV88Nbg4l2hY/K2DkyaLLA==",
      "requires": {
        "@types/react": "*"
      }
    },
    "@types/scheduler": {
      "version": "0.16.2",
      "resolved": "https://registry.npmjs.org/@types/scheduler/-/scheduler-0.16.2.tgz",
      "integrity": "sha512-hppQEBDmlwhFAXKJX2KnWLYu5yMfi91yazPb2l+lbJiwW+wdo1gNeRA+3RgNSO39WYX2euey41KEwnqesU2Jew=="
    },
    "clsx": {
      "version": "1.2.1",
      "resolved": "https://registry.npmjs.org/clsx/-/clsx-1.2.1.tgz",
      "integrity": "sha512-EcR6r5a8bj6pu3ycsa/E/cKVGuTgZJZdsyUYHOksG/UHIiKfjxzRxYJpyVBwYaQeOvghal9fcc4PidlgzugAQg=="
    },
    "csstype": {
      "version": "3.1.1",
      "resolved": "https://registry.npmjs.org/csstype/-/csstype-3.1.1.tgz",
      "integrity": "sha512-DJR/VvkAvSZW9bTouZue2sSxDwdTN92uHjqeKVm+0dAqdfNykRzQ95tay8aXMBAAPpUiq4Qcug2L7neoRh2Egw=="
    },
    "dom-helpers": {
      "version": "5.2.1",
      "resolved": "https://registry.npmjs.org/dom-helpers/-/dom-helpers-5.2.1.tgz",
      "integrity": "sha512-nRCa7CK3VTrM2NmGkIy4cbK7IZlgBE/PYMn55rrXefr5xXDP0LdtfPnblFDoVdcAfslJ7or6iqAUnx0CCGIWQA==",
      "requires": {
        "@babel/runtime": "^7.8.7",
        "csstype": "^3.0.2"
      }
    },
    "js-tokens": {
      "version": "4.0.0",
      "resolved": "https://registry.npmjs.org/js-tokens/-/js-tokens-4.0.0.tgz",
      "integrity": "sha512-RdJUflcE3cUzKiMqQgsCu06FPu9UdIJO0beYbPhHN4k6apgJtifcoCtT9bcxOpYBtpD2kCM6Sbzg4CausW/PKQ=="
    },
    "loose-envify": {
      "version": "1.4.0",
      "resolved": "https://registry.npmjs.org/loose-envify/-/loose-envify-1.4.0.tgz",
      "integrity": "sha512-lyuxPGr/Wfhrlem2CL/UcnUc1zcqKAImBDzukY7Y5F/yQiNdko6+fRLevlw1HgMySw7f611UIY408EtxRSoK3Q==",
      "requires": {
        "js-tokens": "^3.0.0 || ^4.0.0"
      }
    },
    "moment": {
      "version": "2.29.4",
      "resolved": "https://registry.npmjs.org/moment/-/moment-2.29.4.tgz",
      "integrity": "sha512-5LC9SOxjSc2HF6vO2CyuTDNivEdoz2IvyJJGj6X8DJ0eFyfszE0QiEd+iXmBvUP3WHxSjFH/vIsA0EN00cgr8w=="
    },
    "object-assign": {
      "version": "4.1.1",
      "resolved": "https://registry.npmjs.org/object-assign/-/object-assign-4.1.1.tgz",
      "integrity": "sha512-rJgTQnkUnH1sFw8yT6VSU3zD3sWmu6sZhIseY8VX+GRu3P6F7Fu+JNDoXfklElbLJSnc3FUQHVe4cU5hj+BcUg=="
    },
    "prop-types": {
      "version": "15.8.1",
      "resolved": "https://registry.npmjs.org/prop-types/-/prop-types-15.8.1.tgz",
      "integrity": "sha512-oj87CgZICdulUohogVAR7AjlC0327U4el4L6eAvOqCeudMDVU0NThNaV+b9Df4dXgSP1gXMTnPdhfe/2qDH5cg==",
      "requires": {
        "loose-envify": "^1.4.0",
        "object-assign": "^4.1.1",
        "react-is": "^16.13.1"
      },
      "dependencies": {
        "react-is": {
          "version": "16.13.1",
          "resolved": "https://registry.npmjs.org/react-is/-/react-is-16.13.1.tgz",
          "integrity": "sha512-24e6ynE2H+OKt4kqsOvNd8kBpV65zoxbA4BVsEOB3ARVWQki/DHzaUoC5KuON/BiccDaCCTZBuOcfZs70kR8bQ=="
        }
      }
    },
    "react": {
      "version": "18.2.0",
      "resolved": "https://registry.npmjs.org/react/-/react-18.2.0.tgz",
      "integrity": "sha512-/3IjMdb2L9QbBdWiW5e3P2/npwMBaU9mHCSCUzNln0ZCYbcfTsGbTJrU/kGemdH2IWmB2ioZ+zkxtmq6g09fGQ==",
      "peer": true,
      "requires": {
        "loose-envify": "^1.1.0"
      }
    },
    "react-dom": {
      "version": "18.2.0",
      "resolved": "https://registry.npmjs.org/react-dom/-/react-dom-18.2.0.tgz",
      "integrity": "sha512-6IMTriUmvsjHUjNtEDudZfuDQUoWXVxKHhlEGSk81n4YFS+r/Kl99wXiwlVXtPBtJenozv2P+hxDsw9eA7Xo6g==",
      "peer": true,
      "requires": {
        "loose-envify": "^1.1.0",
        "scheduler": "^0.23.0"
      }
    },
    "react-is": {
      "version": "18.2.0",
      "resolved": "https://registry.npmjs.org/react-is/-/react-is-18.2.0.tgz",
      "integrity": "sha512-xWGDIW6x921xtzPkhiULtthJHoJvBbF3q26fzloPCK0hsvxtPVelvftw3zjbHWSkR2km9Z+4uxbDDK/6Zw9B8w=="
    },
    "react-transition-group": {
      "version": "4.4.5",
      "resolved": "https://registry.npmjs.org/react-transition-group/-/react-transition-group-4.4.5.tgz",
      "integrity": "sha512-pZcd1MCJoiKiBR2NRxeCRg13uCXbydPnmB4EOeRrY7480qNWO8IIgQG6zlDkm6uRMsURXPuKq0GWtiM59a5Q6g==",
      "requires": {
        "@babel/runtime": "^7.5.5",
        "dom-helpers": "^5.0.1",
        "loose-envify": "^1.4.0",
        "prop-types": "^15.6.2"
      }
    },
    "regenerator-runtime": {
      "version": "0.13.10",
      "resolved": "https://registry.npmjs.org/regenerator-runtime/-/regenerator-runtime-0.13.10.tgz",
      "integrity": "sha512-KepLsg4dU12hryUO7bp/axHAKvwGOCV0sGloQtpagJ12ai+ojVDqkeGSiRX1zlq+kjIMZ1t7gpze+26QqtdGqw=="
    },
    "rifm": {
      "version": "0.12.1",
      "resolved": "https://registry.npmjs.org/rifm/-/rifm-0.12.1.tgz",
      "integrity": "sha512-OGA1Bitg/dSJtI/c4dh90svzaUPt228kzFsUkJbtA2c964IqEAwWXeL9ZJi86xWv3j5SMqRvGULl7bA6cK0Bvg==",
      "requires": {}
    },
    "scheduler": {
      "version": "0.23.0",
      "resolved": "https://registry.npmjs.org/scheduler/-/scheduler-0.23.0.tgz",
      "integrity": "sha512-CtuThmgHNg7zIZWAXi3AsyIzA3n4xx7aNyjwC2VJldO2LMVDhFK+63xGqq6CsJH4rTAt6/M+N4GhZiDYPx9eUw==",
      "peer": true,
      "requires": {
        "loose-envify": "^1.1.0"
      }
    },
    "stylis": {
      "version": "4.0.13",
      "resolved": "https://registry.npmjs.org/stylis/-/stylis-4.0.13.tgz",
      "integrity": "sha512-xGPXiFVl4YED9Jh7Euv2V220mriG9u4B2TA6Ybjc1catrstKD2PpIdU3U0RKpkVBC2EhmL/F0sPCr9vrFTNRag==",
      "peer": true
    }
  }
}
